
Microsoft Visual Studio Solution File, Format Version 12.00
# Visual Studio 2013
VisualStudioVersion = 12.0.31101.0
MinimumVisualStudioVersion = 10.0.40219.1
Project("{FAE04EC0-301F-11D3-BF4B-00C04F79EFBC}") = "eManager.Domain", "eManager.Domain\eManager.Domain.csproj", "{2E79A13D-5851-44D8-90AD-B79C908122DC}"
EndProject
Global
	GlobalSection(SolutionConfigurationPlatforms) = preSolution
		Debug|Any CPU = Debug|Any CPU
		Release|Any CPU = Release|Any CPU
	EndGlobalSection
	GlobalSection(ProjectConfigurationPlatforms) = postSolution
		{2E79A13D-5851-44D8-90AD-B79C908122DC}.Debug|Any CPU.ActiveCfg = Debug|Any CPU
		{2E79A13D-5851-44D8-90AD-B79C908122DC}.Debug|Any CPU.Build.0 = Debug|Any CPU
		{2E79A13D-5851-44D8-90AD-B79C908122DC}.Release|Any CPU.ActiveCfg = Release|Any CPU
		{2E79A13D-5851-44D8-90AD-B79C908122DC}.Release|Any CPU.Build.0 = Release|Any CPU
	EndGlobalSection
	GlobalSection(SolutionProperties) = preSolution
		HideSolutionNode = FALSE
	EndGlobalSection
EndGlobal
