
Microsoft Visual Studio Solution File, Format Version 12.00
# Visual Studio 2013
VisualStudioVersion = 12.0.31101.0
MinimumVisualStudioVersion = 10.0.40219.1
Project("{FAE04EC0-301F-11D3-BF4B-00C04F79EFBC}") = "Videos", "Videos\Videos.csproj", "{3CDAD874-02A8-4C9A-88EF-12381C83C53B}"
EndProject
Project("{FAE04EC0-301F-11D3-BF4B-00C04F79EFBC}") = "Async", "Async\Async.csproj", "{585D9859-CC7E-485E-B80B-FEC2CA2630FD}"
EndProject
Global
	GlobalSection(SolutionConfigurationPlatforms) = preSolution
		Debug|Any CPU = Debug|Any CPU
		Release|Any CPU = Release|Any CPU
	EndGlobalSection
	GlobalSection(ProjectConfigurationPlatforms) = postSolution
		{3CDAD874-02A8-4C9A-88EF-12381C83C53B}.Debug|Any CPU.ActiveCfg = Debug|Any CPU
		{3CDAD874-02A8-4C9A-88EF-12381C83C53B}.Debug|Any CPU.Build.0 = Debug|Any CPU
		{3CDAD874-02A8-4C9A-88EF-12381C83C53B}.Release|Any CPU.ActiveCfg = Release|Any CPU
		{3CDAD874-02A8-4C9A-88EF-12381C83C53B}.Release|Any CPU.Build.0 = Release|Any CPU
		{585D9859-CC7E-485E-B80B-FEC2CA2630FD}.Debug|Any CPU.ActiveCfg = Debug|Any CPU
		{585D9859-CC7E-485E-B80B-FEC2CA2630FD}.Debug|Any CPU.Build.0 = Debug|Any CPU
		{585D9859-CC7E-485E-B80B-FEC2CA2630FD}.Release|Any CPU.ActiveCfg = Release|Any CPU
		{585D9859-CC7E-485E-B80B-FEC2CA2630FD}.Release|Any CPU.Build.0 = Release|Any CPU
	EndGlobalSection
	GlobalSection(SolutionProperties) = preSolution
		HideSolutionNode = FALSE
	EndGlobalSection
EndGlobal
